# platform: linux-64
# env_hash: 1c3223a4b3ed626808fda9f67414da1dfb7996d128cb8046e871e749372ce3c0
@EXPLICIT
https://conda.anaconda.org/conda-forge/linux-64/_libgcc_mutex-0.1-conda_forge.tar.bz2#d7c89558ba9fa0495403155b64376d81
https://conda.anaconda.org/conda-forge/linux-64/ca-certificates-2020.12.5-ha878542_0.tar.bz2#7eb5d4ffeee663caa1635cd67071bc1b
https://conda.anaconda.org/conda-forge/linux-64/ld_impl_linux-64-2.35.1-hea4e1c9_2.tar.bz2#83610dba766a186bdc7a116053b782a4
https://conda.anaconda.org/conda-forge/linux-64/libgfortran5-9.3.0-hff62375_19.tar.bz2#c2d8da3cb171e4aa642d20c6e4e42a04
https://conda.anaconda.org/conda-forge/linux-64/libstdcxx-ng-9.3.0-h6de172a_19.tar.bz2#cd9a24a8dde03ec0cf0e603b0bea85a1
https://conda.anaconda.org/conda-forge/linux-64/mysql-common-8.0.23-ha770c72_1.tar.bz2#288ac4404aff60a4ba6812a5ab66d505
https://conda.anaconda.org/conda-forge/linux-64/pandoc-2.12-h7f98852_0.tar.bz2#21d4ae04f0c60b1e1150ded8ac24b4c2
https://conda.anaconda.org/conda-forge/linux-64/libgfortran-ng-9.3.0-hff62375_19.tar.bz2#aea379bd68fdcdf9499fa1453f852ac1
https://conda.anaconda.org/conda-forge/linux-64/libgomp-9.3.0-h2828fa1_19.tar.bz2#ab0a307912033126da02507b59e79ec9
https://conda.anaconda.org/conda-forge/linux-64/_openmp_mutex-4.5-1_gnu.tar.bz2#561e277319a41d4f24f5c05a9ef63c04
https://conda.anaconda.org/conda-forge/linux-64/libgcc-ng-9.3.0-h2828fa1_19.tar.bz2#9d5cdfc51476ee4dcdd96ed2dca3f943
https://conda.anaconda.org/conda-forge/linux-64/bzip2-1.0.8-h7f98852_4.tar.bz2#a1fd65c7ccbf10880423d82bca54eb54
https://conda.anaconda.org/conda-forge/linux-64/c-ares-1.17.1-h7f98852_1.tar.bz2#ed1dc233ed5e3eaa9bfbaac64d130c5e
https://conda.anaconda.org/conda-forge/linux-64/expat-2.3.0-h9c3ff4c_0.tar.bz2#1fb8f0254eb78a2a0c120155e1b1a207
https://conda.anaconda.org/conda-forge/linux-64/icu-68.1-h58526e2_0.tar.bz2#fc7a4271dc2a7f4fd78cd63695baf7c3
https://conda.anaconda.org/conda-forge/linux-64/isa-l-2.30.0-ha770c72_4.tar.bz2#e9f011f428f6a0bba8a2613d7c107b88
https://conda.anaconda.org/conda-forge/linux-64/jpeg-9d-h36c2ea0_0.tar.bz2#ea02ce6037dbe81803ae6123e5ba1568
https://conda.anaconda.org/conda-forge/linux-64/libcrc32c-1.1.1-h9c3ff4c_2.tar.bz2#a5a1d50bf1c221c9a5b7ad052eb1e2dc
https://conda.anaconda.org/conda-forge/linux-64/libdeflate-1.7-h7f98852_5.tar.bz2#10e242842cd30c59c12d79371dc0f583
https://conda.anaconda.org/conda-forge/linux-64/libev-4.33-h516909a_1.tar.bz2#6f8720dff19e17ce5d48cfe7f3d2f0a3
https://conda.anaconda.org/conda-forge/linux-64/libffi-3.3-h58526e2_2.tar.bz2#665369991d8dd290ac5ee92fce3e6bf5
https://conda.anaconda.org/conda-forge/linux-64/libiconv-1.16-h516909a_0.tar.bz2#5c0f338a513a2943c659ae619fca9211
https://conda.anaconda.org/conda-forge/linux-64/libopenblas-0.3.12-pthreads_h4812303_1.tar.bz2#2c7126a584f05e7bc8885d64dad3d21a
https://conda.anaconda.org/conda-forge/linux-64/libsodium-1.0.18-h36c2ea0_1.tar.bz2#c3788462a6fbddafdb413a9f9053e58d
https://conda.anaconda.org/conda-forge/linux-64/libuuid-2.32.1-h7f98852_1000.tar.bz2#772d69f030955d9646d3d0eaf21d859d
https://conda.anaconda.org/conda-forge/linux-64/libwebp-base-1.2.0-h7f98852_2.tar.bz2#fb63a035a3b552c88a30d84b89ebf4c4
https://conda.anaconda.org/conda-forge/linux-64/lz4-c-1.9.3-h9c3ff4c_0.tar.bz2#4eb64ee0d5cd43096ffcf843c76b05d4
https://conda.anaconda.org/conda-forge/linux-64/ncurses-6.2-h58526e2_4.tar.bz2#509f2a21c4a09214cd737a480dfd80c9
https://conda.anaconda.org/conda-forge/linux-64/nspr-4.30-h9c3ff4c_0.tar.bz2#e6dc1f8f6e0bcebe8e3d8a5bca258dbe
https://conda.anaconda.org/conda-forge/linux-64/openssl-1.1.1k-h7f98852_0.tar.bz2#07fae2cb088379c8441e0f3ffa1f4025
https://conda.anaconda.org/conda-forge/linux-64/pcre-8.44-he1b5a44_0.tar.bz2#e647d89cd5cdf62760cf283a001841ff
https://conda.anaconda.org/conda-forge/linux-64/pthread-stubs-0.4-h36c2ea0_1001.tar.bz2#22dad4df6e8630e8dff2428f6f6a7036
https://conda.anaconda.org/bioconda/linux-64/starcode-1.4-h779adbc_1.tar.bz2#489e4d1ef313401e9a5ed1c170bf1d52
https://conda.anaconda.org/conda-forge/linux-64/xorg-libxau-1.0.9-h7f98852_0.tar.bz2#bf6f803a544f26ebbdc3bfff272eb179
https://conda.anaconda.org/conda-forge/linux-64/xorg-libxdmcp-1.1.3-h7f98852_0.tar.bz2#be93aabceefa2fac576e971aef407908
https://conda.anaconda.org/conda-forge/linux-64/xz-5.2.5-h516909a_1.tar.bz2#33f601066901f3e1a85af3522a8113f9
https://conda.anaconda.org/conda-forge/linux-64/yaml-0.2.5-h516909a_0.tar.bz2#03a530e925414902547cf48da7756db8
https://conda.anaconda.org/conda-forge/linux-64/zlib-1.2.11-h516909a_1010.tar.bz2#339cc5584e6d26bc73a875ba900028c3
https://conda.anaconda.org/conda-forge/linux-64/gettext-0.19.8.1-h0b5b191_1005.tar.bz2#ff6f69b593a9e74c0e6b61908ac513fa
https://conda.anaconda.org/conda-forge/linux-64/libblas-3.9.0-8_openblas.tar.bz2#95cee6371a5b901797075040941171f3
https://conda.anaconda.org/conda-forge/linux-64/libedit-3.1.20191231-he28a2e2_2.tar.bz2#4d331e44109e3f0e19b4cb8f9b82f3e1
https://conda.anaconda.org/conda-forge/linux-64/libevent-2.1.10-hcdb4288_3.tar.bz2#d8f51405997093ff1799ded7650439c4
https://conda.anaconda.org/conda-forge/linux-64/libllvm11-11.1.0-hf817b99_2.tar.bz2#646fa2f7c60b69ee8f918668e9c2fd31
https://conda.anaconda.org/conda-forge/linux-64/libnghttp2-1.43.0-h812cca2_0.tar.bz2#1867d1e9658596b3fac8847a7702eef4
https://conda.anaconda.org/conda-forge/linux-64/libpng-1.6.37-h21135ba_2.tar.bz2#b6acf807307d033d4b7e758b4f44b036
https://conda.anaconda.org/conda-forge/linux-64/libprotobuf-3.15.8-h780b84a_0.tar.bz2#e6102befa4faff90ab2feb272a8b294d
https://conda.anaconda.org/conda-forge/linux-64/libssh2-1.9.0-ha56f1ee_6.tar.bz2#f0dfb86444df325e599dbc3f4c0a3f5b
https://conda.anaconda.org/conda-forge/linux-64/libxcb-1.13-h7f98852_1003.tar.bz2#a9371e9e40aded194dcba1447606c9a1
https://conda.anaconda.org/conda-forge/linux-64/libxml2-2.9.10-h72842e0_4.tar.bz2#48577b6e1605c935d7178f6694506ee9
https://conda.anaconda.org/conda-forge/linux-64/pigz-2.6-h27826a3_0.tar.bz2#677798489006b14291e8617223e34348
https://conda.anaconda.org/conda-forge/linux-64/readline-8.1-h46c0cb4_0.tar.bz2#5788de3c8d7a7d64ac56c784c4ef48e6
https://conda.anaconda.org/bioconda/linux-64/seqtk-1.3-h5bf99c6_3.tar.bz2#6c92300fec0073c5491c14fb87eb5d99
https://conda.anaconda.org/conda-forge/linux-64/tk-8.6.10-h21135ba_1.tar.bz2#c647f70aa7e3d4cc4e029cc1c9a99953
https://conda.anaconda.org/conda-forge/linux-64/zeromq-4.3.4-h9c3ff4c_0.tar.bz2#9105c7da67ebfb39ff08e2a8ea72bb71
https://conda.anaconda.org/conda-forge/linux-64/zstd-1.4.9-ha95c52a_0.tar.bz2#b481dc9fda3af2a681d08a4d5cd1ea0b
https://conda.anaconda.org/conda-forge/linux-64/freetype-2.10.4-h0708190_1.tar.bz2#4a06f2ac2e5bfae7b6b245171c3f07aa
https://conda.anaconda.org/conda-forge/linux-64/krb5-1.17.2-h926e7f8_0.tar.bz2#926325c11478d6e781e76072c117763b
https://conda.anaconda.org/conda-forge/linux-64/libcblas-3.9.0-8_openblas.tar.bz2#d8e2151683bc12acffedea26eba27e0f
https://conda.anaconda.org/conda-forge/linux-64/libclang-11.1.0-default_ha53f305_0.tar.bz2#b7bc364d3ecf51443d48e14f87d784de
https://conda.anaconda.org/conda-forge/linux-64/libglib-2.68.1-h3e27bee_0.tar.bz2#486fecf2277a154e5f73f62328764310
https://conda.anaconda.org/conda-forge/linux-64/liblapack-3.9.0-8_openblas.tar.bz2#9a860887c77e923c2807c715a7731fb8
https://conda.anaconda.org/conda-forge/linux-64/libtiff-4.2.0-hdc55705_0.tar.bz2#f1406324f1d02fa26447a0a0f2dd0107
https://conda.anaconda.org/conda-forge/linux-64/libxkbcommon-1.0.3-he3ba5ed_0.tar.bz2#f9dbabc7e01c459ed7a1d1d64b206e9b
https://conda.anaconda.org/conda-forge/linux-64/mysql-libs-8.0.23-h935591d_1.tar.bz2#fd60f20b38b7194aa91262fdbd3ef134
https://conda.anaconda.org/conda-forge/linux-64/sqlite-3.35.4-h74cdb3f_0.tar.bz2#bc1c6047464060ba82a71448292be9c3
https://conda.anaconda.org/conda-forge/linux-64/coincbc-2.10.5-hcee13e7_1.tar.bz2#e909caa41e0d9ed1dcfb3fbe19eb4618
https://conda.anaconda.org/conda-forge/linux-64/fontconfig-2.13.1-hba837de_1005.tar.bz2#fd3611672eb91bc9d24fd6fb970037eb
https://conda.anaconda.org/conda-forge/linux-64/glib-tools-2.68.1-h9c3ff4c_0.tar.bz2#b1ecd0fa079de56a1ba8d03063ee39bb
https://conda.anaconda.org/conda-forge/linux-64/gstreamer-1.18.4-h76c114f_0.tar.bz2#8b55c71895bce3ea0beb5bf907840bb2
https://conda.anaconda.org/conda-forge/linux-64/lcms2-2.12-hddcbb42_0.tar.bz2#797117394a4aa588de6d741b06fad80f
https://conda.anaconda.org/conda-forge/linux-64/libcurl-7.76.1-hc4aaa36_1.tar.bz2#349a288d04af695b639e5f947df3c2d0
https://conda.anaconda.org/conda-forge/linux-64/libpq-13.1-hfd2b0eb_2.tar.bz2#d41b032f8940757263340b0918e62682
https://conda.anaconda.org/conda-forge/linux-64/nss-3.64-hb5efdd6_0.tar.bz2#cb598141b73b9f7ebbffbd41220dcb9a
https://conda.anaconda.org/conda-forge/linux-64/openjpeg-2.4.0-hf7af979_0.tar.bz2#f677c4652b03ed5d1352bf976be7192c
https://conda.anaconda.org/conda-forge/linux-64/python-3.6.13-hffdb5ce_0_cpython.tar.bz2#575e65ac9386755d3b9fd70f20dc1e37
https://conda.anaconda.org/conda-forge/noarch/appdirs-1.4.4-pyh9f0ad1d_0.tar.bz2#5f095bc6454094e96f146491fd03633b
https://conda.anaconda.org/conda-forge/noarch/async-timeout-3.0.1-py_1000.tar.bz2#8b11024b2762a07aaa07d2743231a41b
https://conda.anaconda.org/conda-forge/noarch/async_generator-1.10-py_0.tar.bz2#d56c596e61b1c4952acf0a9920856c12
https://conda.anaconda.org/conda-forge/noarch/attrs-20.3.0-pyhd3deb0d_0.tar.bz2#5b319abb055eefcfa344bc21378ca23f
https://conda.anaconda.org/conda-forge/noarch/azure-common-1.1.27-pyhd8ed1ab_0.tar.bz2#4f75f3616cc87e18bdd7f6d7116f2aa4
https://conda.anaconda.org/conda-forge/noarch/backcall-0.2.0-pyh9f0ad1d_0.tar.bz2#6006a6d08a3fa99268a2681c7fb55213
https://conda.anaconda.org/conda-forge/noarch/backports-1.0-py_2.tar.bz2#0da16b293affa6ac31812376f8eb79dd
https://conda.anaconda.org/conda-forge/noarch/blinker-1.4-py_1.tar.bz2#fa509a09190583f869ae442bf4d17f5f
https://conda.anaconda.org/conda-forge/noarch/boto-2.49.0-py_0.tar.bz2#eff2d6d409ea32c4ccd7fad21a27989b
https://conda.anaconda.org/conda-forge/noarch/cachetools-4.2.1-pyhd8ed1ab_0.tar.bz2#c48f5ea63f27d8ede4117b6d99c6142b
https://conda.anaconda.org/conda-forge/noarch/configargparse-1.4-pyhd8ed1ab_0.tar.bz2#8558a2ffbd850208c435a9ac326bb195
https://conda.anaconda.org/conda-forge/noarch/dataclasses-0.8-pyh787bdff_0.tar.bz2#99ccd57a7c9761e97e17777f0cde21eb
https://conda.anaconda.org/conda-forge/noarch/decorator-5.0.7-pyhd8ed1ab_0.tar.bz2#328caef9e939b22c3d00392286e0cd85
https://conda.anaconda.org/conda-forge/noarch/defusedxml-0.7.1-pyhd8ed1ab_0.tar.bz2#961b3a227b437d82ad7054484cfa71b2
https://conda.anaconda.org/conda-forge/noarch/entrypoints-0.3-pyhd8ed1ab_1003.tar.bz2#bbf9a201f6ce99a506f4955374d9a9f4
https://conda.anaconda.org/conda-forge/noarch/filelock-3.0.12-pyh9f0ad1d_0.tar.bz2#7544ed05bbbe9bb687bc9bcbe4d6cb46
https://conda.anaconda.org/conda-forge/linux-64/glib-2.68.1-h9c3ff4c_0.tar.bz2#9fb05e9b0df734f92df7810c7c8975e3
https://conda.anaconda.org/conda-forge/linux-64/gst-plugins-base-1.18.4-h29181c9_0.tar.bz2#941e30272d811e5e78eb6060b4e406d1
https://conda.anaconda.org/conda-forge/noarch/idna-2.10-pyh9f0ad1d_0.tar.bz2#f95a12b4f435aae6680fe55ae2eb1b06
https://conda.anaconda.org/conda-forge/noarch/ipython_genutils-0.2.0-py_1.tar.bz2#5071c982548b3a20caf70462f04f5287
https://conda.anaconda.org/conda-forge/noarch/jmespath-0.10.0-pyh9f0ad1d_0.tar.bz2#5988f73e79824c7900954539fbfad3fa
https://conda.anaconda.org/conda-forge/noarch/jupyterlab_widgets-1.0.0-pyhd8ed1ab_1.tar.bz2#f8da92114c8fbe1d951b0efaf54dd14b
https://conda.anaconda.org/conda-forge/noarch/nest-asyncio-1.5.1-pyhd8ed1ab_0.tar.bz2#47a51a5b8f9cc41004c8d7bd88b62447
https://conda.anaconda.org/conda-forge/noarch/olefile-0.46-pyh9f0ad1d_1.tar.bz2#0b2e68acc8c78c8cc392b90983481f58
https://conda.anaconda.org/conda-forge/noarch/pandocfilters-1.4.2-py_1.tar.bz2#ba6f4a308f1ea22abe1d72e72544af76
https://conda.anaconda.org/conda-forge/noarch/parso-0.7.1-pyh9f0ad1d_0.tar.bz2#f66647d1ec805566d72ac26f62b19c01
https://conda.anaconda.org/conda-forge/noarch/pickleshare-0.7.5-py_1003.tar.bz2#415f0ebb6198cc2801c73438a9fb5761
https://conda.anaconda.org/conda-forge/noarch/prometheus_client-0.10.1-pyhd8ed1ab_0.tar.bz2#088ca4c07d7b346a2a099b3685a0e992
https://conda.anaconda.org/conda-forge/noarch/ptyprocess-0.7.0-pyhd3deb0d_0.tar.bz2#359eeb6536da0e687af562ed265ec263
https://conda.anaconda.org/conda-forge/noarch/pyasn1-0.4.8-py_0.tar.bz2#06d04c9f8f72ac77911db942eda24fb9
https://conda.anaconda.org/conda-forge/noarch/pybktree-1.1-pyh9f0ad1d_0.tar.bz2#7cebcdce23bb9dc76e9ee5baeddd17b9
https://conda.anaconda.org/conda-forge/noarch/pycparser-2.20-pyh9f0ad1d_2.tar.bz2#aa798d50ffd182a0f6f31478c7f434f6
https://conda.anaconda.org/conda-forge/noarch/pyjwt-2.0.1-pyhd8ed1ab_1.tar.bz2#ff02995e927b47823a0ac60e5ecf48ca
https://conda.anaconda.org/conda-forge/noarch/pyparsing-2.4.7-pyh9f0ad1d_0.tar.bz2#626c4f20d5bf06dcec9cf2eaa31725c7
https://conda.anaconda.org/conda-forge/linux-64/python_abi-3.6-1_cp36m.tar.bz2#7f3681b01bd688b48bfbdae483b2918f
https://conda.anaconda.org/conda-forge/noarch/pytz-2021.1-pyhd8ed1ab_0.tar.bz2#3af2e9424d5eb0063824a3f9b850d411
https://conda.anaconda.org/conda-forge/noarch/qtpy-1.9.0-py_0.tar.bz2#ab75b0ea90d2621e1924b824e2f395ee
https://conda.anaconda.org/conda-forge/noarch/ratelimiter-1.2.0-py_1002.tar.bz2#a3326f1950c9a8e52a4b5817ba607caa
https://conda.anaconda.org/conda-forge/noarch/send2trash-1.5.0-py_0.tar.bz2#c3779037a635e1150f1c53c28b875949
https://conda.anaconda.org/conda-forge/noarch/six-1.15.0-pyh9f0ad1d_0.tar.bz2#1eec421f0f1f39e579e44e4a5ce646a2
https://conda.anaconda.org/conda-forge/noarch/smmap-3.0.5-pyh44b312d_0.tar.bz2#3a8dc70789709aa315325d5df06fb7e4
https://conda.anaconda.org/conda-forge/noarch/testpath-0.4.4-py_0.tar.bz2#3b98fff4d5342bebde2ecaa314f796f9
https://conda.anaconda.org/conda-forge/noarch/toposort-1.6-pyhd8ed1ab_0.tar.bz2#87da8886abd55a5c2636fc6e44143059
https://conda.anaconda.org/conda-forge/noarch/tqdm-4.60.0-pyhd8ed1ab_0.tar.bz2#d4d22fcd50ccf1925fe59efd36ba4358
https://conda.anaconda.org/conda-forge/noarch/typing_extensions-3.7.4.3-py_0.tar.bz2#12b96e382730541a4b332420227055ae
https://conda.anaconda.org/conda-forge/noarch/webencodings-0.5.1-py_1.tar.bz2#3563be4c5611a44210d9ba0c16113136
https://conda.anaconda.org/conda-forge/noarch/wheel-0.36.2-pyhd3deb0d_0.tar.bz2#768bfbe026426d0e76b377997d1f2b98
https://conda.anaconda.org/conda-forge/noarch/zipp-3.4.1-pyhd8ed1ab_0.tar.bz2#a4fa30eb74a326092b3d8078b1f1aae1
https://conda.anaconda.org/conda-forge/linux-64/certifi-2020.12.5-py36h5fab9bb_1.tar.bz2#da529031bd8882eff7d72484661c1b83
https://conda.anaconda.org/conda-forge/linux-64/cffi-1.14.5-py36hc120d54_0.tar.bz2#f49c72aeb497efcd918217d142ddfc9c
https://conda.anaconda.org/conda-forge/linux-64/chardet-4.0.0-py36h5fab9bb_1.tar.bz2#b63c63a44b8d37acaff014df8a512d92
https://conda.anaconda.org/conda-forge/noarch/cycler-0.10.0-py_2.tar.bz2#f6d7c7e6d8f42cbbec7e07a8d879f91c
https://conda.anaconda.org/conda-forge/linux-64/datrie-0.8.2-py36h8c4c3a4_1.tar.bz2#a6471e95c0ac39911852c750bb4ea1ef
https://conda.anaconda.org/conda-forge/linux-64/dbus-1.13.6-h48d8840_2.tar.bz2#eba672c69baf366fdedd1c6f702dbb81
https://conda.anaconda.org/conda-forge/linux-64/docutils-0.17.1-py36h5fab9bb_0.tar.bz2#f6f839c040e50973b1bbc291b6f4579a
https://conda.anaconda.org/conda-forge/linux-64/future-0.18.2-py36h5fab9bb_3.tar.bz2#341f6243deff7bc72eae432bb8173d03
https://conda.anaconda.org/conda-forge/noarch/gitdb-4.0.7-pyhd8ed1ab_0.tar.bz2#12977b4cc317a6ee2939aedcb09a4898
https://conda.anaconda.org/conda-forge/linux-64/idna_ssl-1.1.0-py36h9f0ad1d_1001.tar.bz2#5a5bf3a0361aff32b956488184709faf
https://conda.anaconda.org/conda-forge/linux-64/importlib-metadata-3.10.1-py36h5fab9bb_0.tar.bz2#2e83a4e94967f324fc5090f7205308f9
https://conda.anaconda.org/conda-forge/noarch/isodate-0.6.0-py_1.tar.bz2#ed67bac5a0224c66cbc0b58ffe7ebd47
https://conda.anaconda.org/conda-forge/linux-64/jedi-0.17.2-py36h5fab9bb_1.tar.bz2#e761c2377eafa1268eda3dd192cb06cb
https://conda.anaconda.org/conda-forge/linux-64/kiwisolver-1.3.1-py36h605e78d_1.tar.bz2#a92afbf92c5416585457e5de5c3d98c7
https://conda.anaconda.org/conda-forge/linux-64/markupsafe-1.1.1-py36h8f6f2f9_3.tar.bz2#4471d6eaa07fcc4dd1f2e0e6cc8e54bf
https://conda.anaconda.org/conda-forge/linux-64/mistune-0.8.4-py36h8f6f2f9_1003.tar.bz2#8066d080821a7ce04c73c12e25232abb
https://conda.anaconda.org/conda-forge/linux-64/multidict-5.1.0-py36h8f6f2f9_1.tar.bz2#c906120a3898ae665e97764684dd92a4
https://conda.anaconda.org/conda-forge/linux-64/numpy-1.19.5-py36h2aa4a07_1.tar.bz2#825e240765327dcdb8b0add973714e9e
https://conda.anaconda.org/conda-forge/noarch/packaging-20.9-pyh44b312d_0.tar.bz2#be69a38e912054a62dc82cc3c7711a64
https://conda.anaconda.org/conda-forge/noarch/pexpect-4.8.0-pyh9f0ad1d_2.tar.bz2#5909e7b978141dd80d28dbf9de627827
https://conda.anaconda.org/conda-forge/linux-64/pillow-8.1.2-py36ha6010c0_1.tar.bz2#07e8c4276aba7dc29ba5a59c422c6729
https://conda.anaconda.org/conda-forge/linux-64/psutil-5.8.0-py36h8f6f2f9_1.tar.bz2#ccecd9206d61f029549a81a980174ed8
https://conda.anaconda.org/conda-forge/noarch/pyasn1-modules-0.2.7-py_0.tar.bz2#ad1e886d09700b2304975335f714bd9c
https://conda.anaconda.org/conda-forge/linux-64/pyqt5-sip-4.19.18-py36hc4f0c31_7.tar.bz2#6bb1cad16acc8b2ac34fb4a75ef8cc09
https://conda.anaconda.org/conda-forge/linux-64/pyrsistent-0.17.3-py36h8f6f2f9_2.tar.bz2#26db670368942d4a144cad213448496a
https://conda.anaconda.org/bioconda/linux-64/pysam-0.16.0.1-py36h61e5637_3.tar.bz2#c6af97cb2c2cbb3174dcace12c21497a
https://conda.anaconda.org/conda-forge/linux-64/pysocks-1.7.1-py36h5fab9bb_3.tar.bz2#4dfb9be0b2975bc7933f32c6db7af205
https://conda.anaconda.org/conda-forge/noarch/python-dateutil-2.8.1-py_0.tar.bz2#0d0150ed9c2d25817f5324108d3f7571
https://conda.anaconda.org/conda-forge/linux-64/python-isal-0.10.0-py36h8f6f2f9_0.tar.bz2#d598757a0e629d598a9586dfbd130196
https://conda.anaconda.org/conda-forge/linux-64/pyyaml-5.4.1-py36h8f6f2f9_0.tar.bz2#c4be96c884afed3ce48ab143570a439f
https://conda.anaconda.org/conda-forge/linux-64/pyzmq-22.0.3-py36h7068817_1.tar.bz2#cd37021a13c54c0af47fd586bb0b5ce2
https://conda.anaconda.org/conda-forge/linux-64/regex-2021.4.4-py36h8f6f2f9_0.tar.bz2#df048f01fdcae6f0f75a05a4160b69d6
https://conda.anaconda.org/conda-forge/noarch/rsa-4.7.2-pyh44b312d_0.tar.bz2#3452ab3790dbb1df9508b3fa4ea2f806
https://conda.anaconda.org/conda-forge/linux-64/ruamel.yaml.clib-0.2.2-py36h8f6f2f9_2.tar.bz2#20b17ae368cb09dd5609203ad3eaf122
https://conda.anaconda.org/conda-forge/linux-64/tornado-6.1-py36h8f6f2f9_1.tar.bz2#3d19680e14cb7cf6f383ba1fd3a72f2c
https://conda.anaconda.org/conda-forge/linux-64/traitlets-4.3.3-py36h9f0ad1d_1.tar.bz2#37802414836e8c0594873aaf656ace5d
https://conda.anaconda.org/conda-forge/noarch/typing-extensions-3.7.4.3-0.tar.bz2#36bdcdb4c2bf1efb987f2e9e80f4c9a6
https://conda.anaconda.org/conda-forge/linux-64/wrapt-1.12.1-py36h8f6f2f9_3.tar.bz2#bfb8c95ad73d55aef418e7aaae3c3a1e
https://conda.anaconda.org/conda-forge/noarch/amply-0.1.4-py_0.tar.bz2#041279ad9cf0a09c2d9a5a829b7811a5
https://conda.anaconda.org/conda-forge/linux-64/argon2-cffi-20.1.0-py36h8f6f2f9_2.tar.bz2#63fee45eaa9ecec8d66c9ec4422ab6e7
https://conda.anaconda.org/conda-forge/linux-64/brotlipy-0.7.0-py36h8f6f2f9_1001.tar.bz2#0f244e9624403e17430e9d959530b01c
https://conda.anaconda.org/conda-forge/linux-64/cryptography-3.4.7-py36hb60f036_0.tar.bz2#e3f8fbf0f4037279847c8ab1551fe6f8
https://conda.anaconda.org/conda-forge/noarch/gitpython-3.1.14-pyhd8ed1ab_0.tar.bz2#4dca4262c5376a85ce02c517dc385041
https://conda.anaconda.org/conda-forge/linux-64/google-crc32c-1.1.2-py36h0208b43_0.tar.bz2#70e7ec8558e4f66719f32640ef4aaebe
https://conda.anaconda.org/conda-forge/noarch/importlib_metadata-3.10.1-hd8ed1ab_0.tar.bz2#daa6bb6edd7537397fc4363782e623aa
https://conda.anaconda.org/conda-forge/linux-64/jupyter_core-4.7.1-py36h5fab9bb_0.tar.bz2#aa9e4c495b8d1ae2c3e8812007539573
https://conda.anaconda.org/conda-forge/linux-64/pandas-1.1.5-py36h284efc9_0.tar.bz2#e5e3d1a5401c1c932ada9d4f0b6c8448
https://conda.anaconda.org/conda-forge/linux-64/qt-5.12.9-hda022c4_4.tar.bz2#afebab1f5049d66baaaec67d9ce893f0
https://conda.anaconda.org/conda-forge/linux-64/scipy-1.5.3-py36h9e8f40b_0.tar.bz2#39502ad94bcb186c0cf4eb7532316d6a
https://conda.anaconda.org/conda-forge/linux-64/setuptools-49.6.0-py36h5fab9bb_3.tar.bz2#0e5930ee136de4ecef3640f50b3037a2
https://conda.anaconda.org/conda-forge/linux-64/terminado-0.9.4-py36h5fab9bb_0.tar.bz2#747ab007ff45edcc54f7a2d5549b7926
https://conda.anaconda.org/conda-forge/linux-64/xopen-1.1.0-py36h5fab9bb_2.tar.bz2#988145b26e9196c1b498d443eee51da5
https://conda.anaconda.org/conda-forge/linux-64/yarl-1.5.1-py36h8c4c3a4_0.tar.bz2#bf952ae38fdfb5bdca164f136f1fd878
https://conda.anaconda.org/conda-forge/linux-64/aiohttp-3.7.4-py36h8f6f2f9_0.tar.bz2#e9819a28f3095e4da29b30f014149db6
https://conda.anaconda.org/conda-forge/noarch/backports.functools_lru_cache-1.6.4-pyhd8ed1ab_0.tar.bz2#c5b3edc62d6309088f4970b3eaaa65a6
https://conda.anaconda.org/conda-forge/noarch/bleach-3.3.0-pyh44b312d_0.tar.bz2#abf6b76c39358ca36ca706c46f054f2a
https://conda.anaconda.org/bioconda/linux-64/dnaio-0.5.0-py36hc5360cc_1.tar.bz2#d9c538d624027fc1517a1b9f78aebba8
https://conda.anaconda.org/conda-forge/noarch/google-resumable-media-1.2.0-pyhd3deb0d_0.tar.bz2#4c685386c016ef3cf6ad0c58665c5208
https://conda.anaconda.org/conda-forge/linux-64/grpcio-1.37.0-py36h8e87921_0.tar.bz2#6e9536f5d69e65bf1fe3e22aaa91c272
https://conda.anaconda.org/conda-forge/linux-64/importlib_resources-5.1.2-py36h5fab9bb_0.tar.bz2#5c6d0535d991e38151de2ecbb0fa1662
https://conda.anaconda.org/conda-forge/noarch/jinja2-2.11.3-pyh44b312d_0.tar.bz2#1d4c3605d85a3655b1595e0694138eb6
https://conda.anaconda.org/conda-forge/noarch/jsonschema-3.2.0-pyhd8ed1ab_3.tar.bz2#66125e28711d8ffc04a207a2b170316d
https://conda.anaconda.org/conda-forge/noarch/jupyter_client-6.1.12-pyhd8ed1ab_0.tar.bz2#f58b38ddb9f94fa3cafea4ba2b17f93b
https://conda.anaconda.org/conda-forge/linux-64/matplotlib-base-3.3.4-py36hd391965_0.tar.bz2#ed3c55ad68aa87ba9c2b2d5f6ede7f14
https://conda.anaconda.org/conda-forge/noarch/oauthlib-3.0.1-py_0.tar.bz2#faaf2a8fd1cddecbf1818fcf0ed3a3b6
https://conda.anaconda.org/conda-forge/noarch/patsy-0.5.1-py_0.tar.bz2#d971df2dcd1a453daabecec0ef76e88a
https://conda.anaconda.org/conda-forge/noarch/pip-21.0.1-pyhd8ed1ab_0.tar.bz2#849477e10d78cbc283c78fd53bfbb567
https://conda.anaconda.org/conda-forge/linux-64/protobuf-3.15.8-py36hc4f0c31_0.tar.bz2#b673ee3fee622ba7c500031adb056a47
https://conda.anaconda.org/conda-forge/linux-64/pulp-2.4-py36h5fab9bb_0.tar.bz2#b2b51f44308462c5822bf045fb6b8fea
https://conda.anaconda.org/conda-forge/noarch/pygments-2.8.1-pyhd8ed1ab_0.tar.bz2#196e0cff141677f430fc06eb0d0ad94d
https://conda.anaconda.org/conda-forge/noarch/pyopenssl-20.0.1-pyhd8ed1ab_0.tar.bz2#92371c25994d0f5d28a01c1fb75ebf86
https://conda.anaconda.org/conda-forge/linux-64/pyqt-impl-5.12.3-py36h7ec31b9_7.tar.bz2#379005311c6e733b228723e67fc52fb2
https://conda.anaconda.org/conda-forge/linux-64/ruamel.yaml-0.16.12-py36h8f6f2f9_2.tar.bz2#e980d13ee345aae26356a4c9d6cd4864
https://conda.anaconda.org/bioconda/linux-64/cutadapt-3.4-py36hc5360cc_1.tar.bz2#33b7007edcdacc7549530736a6212589
https://conda.anaconda.org/conda-forge/noarch/google-auth-1.28.0-pyh44b312d_0.tar.bz2#5d203245f15bd2770a6dcdaec026007c
https://conda.anaconda.org/conda-forge/linux-64/googleapis-common-protos-1.53.0-py36h5fab9bb_0.tar.bz2#285c607d0342c72fa6d6e9088ea126a1
https://conda.anaconda.org/conda-forge/noarch/jupyterlab_pygments-0.1.2-pyh9f0ad1d_0.tar.bz2#2cbd910890bb328e8959246a1e16fac7
https://conda.anaconda.org/conda-forge/noarch/nbformat-5.1.3-pyhd8ed1ab_0.tar.bz2#bafa5df6d4f8db69a4d197b4657127e7
https://conda.anaconda.org/conda-forge/linux-64/pyqtchart-5.12-py36h7ec31b9_7.tar.bz2#69735aad86e57eb4de60cf7f208b8604
https://conda.anaconda.org/conda-forge/linux-64/pyqtwebengine-5.12.1-py36h7ec31b9_7.tar.bz2#4d15c862d7989dcc1fa4f321d27a2d66
https://conda.anaconda.org/conda-forge/noarch/seaborn-base-0.11.1-pyhd8ed1ab_1.tar.bz2#f524b2bb48274790373a27128b25d7ca
https://conda.anaconda.org/conda-forge/linux-64/statsmodels-0.12.2-py36h92226af_0.tar.bz2#a1d402d7ddfb2e910e35c7bcc1f53ff8
https://conda.anaconda.org/bioconda/linux-64/umi_tools-1.1.1-py36hc5360cc_2.tar.bz2#a5f65437f619d6f99f6437084343e106
https://conda.anaconda.org/conda-forge/noarch/urllib3-1.26.4-pyhd8ed1ab_0.tar.bz2#d7b20b328e23d993994ea02077c009c0
https://conda.anaconda.org/conda-forge/noarch/wcwidth-0.2.5-pyh9f0ad1d_2.tar.bz2#5266fcd697043c59621fda522b3d78ee
https://conda.anaconda.org/conda-forge/noarch/botocore-1.20.54-pyhd8ed1ab_0.tar.bz2#d479181c1742963b631d1722818ce9fe
https://conda.anaconda.org/conda-forge/noarch/nbclient-0.5.3-pyhd8ed1ab_0.tar.bz2#67f12831640fde52fe9be1bbc6b699e7
https://conda.anaconda.org/conda-forge/noarch/prompt-toolkit-3.0.18-pyha770c72_0.tar.bz2#aa44d0f71016061e83df1126764acdb7
https://conda.anaconda.org/conda-forge/linux-64/pyqt-5.12.3-py36h5fab9bb_7.tar.bz2#02315b51b199ef6700a53debf1bada5b
https://conda.anaconda.org/conda-forge/noarch/requests-2.25.1-pyhd3deb0d_0.tar.bz2#ae687aba31a1c400192a86a2e993ffdc
https://conda.anaconda.org/conda-forge/noarch/seaborn-0.11.1-hd8ed1ab_1.tar.bz2#0fa8696d6ef25ac366f04a27c238da31
https://conda.anaconda.org/conda-forge/noarch/azure-core-1.12.0-pyhd8ed1ab_0.tar.bz2#42b110275cbb812775187ed80324c44d
https://conda.anaconda.org/conda-forge/noarch/google-api-core-1.26.2-pyhd8ed1ab_0.tar.bz2#794e39bd483366ec3e99fa050170b8b9
https://conda.anaconda.org/conda-forge/linux-64/ipython-7.16.1-py36he448a4c_2.tar.bz2#ac605247c1149f7b275a4bcf9fa0de41
https://conda.anaconda.org/conda-forge/linux-64/nbconvert-6.0.7-py36h5fab9bb_3.tar.bz2#30f571d5b9a389f49b1d54a0e38871bc
https://conda.anaconda.org/conda-forge/noarch/prompt_toolkit-3.0.18-hd8ed1ab_0.tar.bz2#a2b1b50584f941dbd88ea4ffabeddef6
https://conda.anaconda.org/conda-forge/noarch/requests-oauthlib-1.3.0-pyh9f0ad1d_0.tar.bz2#acdcfb3267ef1a8e576e84480a5e259d
https://conda.anaconda.org/conda-forge/noarch/s3transfer-0.4.0-pyhd8ed1ab_0.tar.bz2#3ea4998dd914c791e182243e7a9b23ee
https://conda.anaconda.org/conda-forge/noarch/boto3-1.17.54-pyhd8ed1ab_0.tar.bz2#c40c9fb626e04cbaa13c2b49a315642e
https://conda.anaconda.org/conda-forge/noarch/google-cloud-core-1.5.0-pyhd3deb0d_0.tar.bz2#fc86c79eb9b9410186b8505c9c9fe554
https://conda.anaconda.org/conda-forge/linux-64/ipykernel-5.5.3-py36hcb3619a_0.tar.bz2#2e4f05a1b9d370066956959fe3e16823
https://conda.anaconda.org/conda-forge/noarch/msrest-0.6.21-pyh44b312d_0.tar.bz2#1d2ea1f71147bd5ed5222a9f0d6df946
https://conda.anaconda.org/conda-forge/noarch/azure-storage-blob-12.8.0-pyhd8ed1ab_0.tar.bz2#d431a654720fc679992a4d3ab769e4b1
https://conda.anaconda.org/conda-forge/noarch/google-cloud-storage-1.35.1-pyh44b312d_0.tar.bz2#9a9204191581522a9ca0bd8afb408aa4
https://conda.anaconda.org/conda-forge/noarch/jupyter_console-6.4.0-pyhd8ed1ab_0.tar.bz2#ee5895aebb8104e4e087f06aae64977a
https://conda.anaconda.org/conda-forge/linux-64/notebook-6.3.0-py36h5fab9bb_0.tar.bz2#4b075f38968b16bb1be4d17d90cf7e38
https://conda.anaconda.org/conda-forge/noarch/qtconsole-5.0.3-pyhd8ed1ab_0.tar.bz2#d74bc9d96d4c84c1a319ae19b40c3310
https://conda.anaconda.org/conda-forge/noarch/smart_open-5.0.0-pyhd8ed1ab_0.tar.bz2#17486c3e0a31947e427a5887cc241942
https://conda.anaconda.org/conda-forge/linux-64/widgetsnbextension-3.5.1-py36h5fab9bb_4.tar.bz2#6919ca2c4ddec0166a900910d54ded67
https://conda.anaconda.org/conda-forge/noarch/ipywidgets-7.6.3-pyhd3deb0d_0.tar.bz2#536a9ed6d9e740f2b83d1a3c388e4388
https://conda.anaconda.org/bioconda/noarch/snakemake-minimal-6.1.2-pyhdfd78af_0.tar.bz2#1738969c81afb371dcf07a8119149659
https://conda.anaconda.org/conda-forge/linux-64/jupyter-1.0.0-py36h5fab9bb_6.tar.bz2#229db303c1997c7005d240e4df7208b7
